
Microsoft Visual Studio Solution File, Format Version 12.00
# Visual Studio Version 16
VisualStudioVersion = 16.0.810.6
MinimumVisualStudioVersion = 10.0.40219.1
Project("{FAE04EC0-301F-11D3-BF4B-00C04F79EFBC}") = "NotiAPI", "NotiAPI.csproj", "{BFA90D8F-A7D8-464D-81E0-1349F9A7E54D}"
EndProject
Global
	GlobalSection(SolutionConfigurationPlatforms) = preSolution
		Debug|Any CPU = Debug|Any CPU
		Release|Any CPU = Release|Any CPU
	EndGlobalSection
	GlobalSection(ProjectConfigurationPlatforms) = postSolution
		{BFA90D8F-A7D8-464D-81E0-1349F9A7E54D}.Debug|Any CPU.ActiveCfg = Debug|Any CPU
		{BFA90D8F-A7D8-464D-81E0-1349F9A7E54D}.Debug|Any CPU.Build.0 = Debug|Any CPU
		{BFA90D8F-A7D8-464D-81E0-1349F9A7E54D}.Release|Any CPU.ActiveCfg = Release|Any CPU
		{BFA90D8F-A7D8-464D-81E0-1349F9A7E54D}.Release|Any CPU.Build.0 = Release|Any CPU
	EndGlobalSection
	GlobalSection(SolutionProperties) = preSolution
		HideSolutionNode = FALSE
	EndGlobalSection
	GlobalSection(ExtensibilityGlobals) = postSolution
		SolutionGuid = {14D82E33-745D-4E7E-9555-75047D9A165B}
	EndGlobalSection
EndGlobal
